
Microsoft Visual Studio Solution File, Format Version 12.00
# Visual Studio Version 17
VisualStudioVersion = 17.5.33424.131
MinimumVisualStudioVersion = 10.0.40219.1
Project("{8BC9CEB8-8B4A-11D0-8D11-00A0C91BC942}") = "ConsoleApplication1", "ConsoleApplication1\ConsoleApplication1.vcxproj", "{4C1405B0-8A58-4E57-AB99-685A4A156FDB}"
EndProject
Project("{8BC9CEB8-8B4A-11D0-8D11-00A0C91BC942}") = "7pthread", "7pthread.c\7pthread.c.vcxproj", "{AB62A196-DE20-4ABB-A293-8E5BE8F9FE18}"
EndProject
Project("{8BC9CEB8-8B4A-11D0-8D11-00A0C91BC942}") = "copy", "copy\copy.vcxproj", "{05660179-6318-49B4-B450-4919787BE247}"
EndProject
Project("{8BC9CEB8-8B4A-11D0-8D11-00A0C91BC942}") = "遍历单层目录", "遍历单层目录\遍历单层目录.vcxproj", "{0D34CEF9-E404-41DB-8F49-5EA4A6726227}"
EndProject
Project("{8BC9CEB8-8B4A-11D0-8D11-00A0C91BC942}") = "多层目录", "多层目录\多层目录.vcxproj", "{6DB034C8-8B30-41B1-8385-776844C6B374}"
EndProject
Project("{8BC9CEB8-8B4A-11D0-8D11-00A0C91BC942}") = "静态库", "静态库\静态库.vcxproj", "{E0BD3F43-3C61-4958-A192-D10B030EA266}"
EndProject
Global
	GlobalSection(SolutionConfigurationPlatforms) = preSolution
		Debug|ARM = Debug|ARM
		Debug|ARM64 = Debug|ARM64
		Debug|x64 = Debug|x64
		Debug|x86 = Debug|x86
		Release|ARM = Release|ARM
		Release|ARM64 = Release|ARM64
		Release|x64 = Release|x64
		Release|x86 = Release|x86
	EndGlobalSection
	GlobalSection(ProjectConfigurationPlatforms) = postSolution
		{4C1405B0-8A58-4E57-AB99-685A4A156FDB}.Debug|ARM.ActiveCfg = Debug|ARM
		{4C1405B0-8A58-4E57-AB99-685A4A156FDB}.Debug|ARM.Build.0 = Debug|ARM
		{4C1405B0-8A58-4E57-AB99-685A4A156FDB}.Debug|ARM.Deploy.0 = Debug|ARM
		{4C1405B0-8A58-4E57-AB99-685A4A156FDB}.Debug|ARM64.ActiveCfg = Debug|ARM64
		{4C1405B0-8A58-4E57-AB99-685A4A156FDB}.Debug|ARM64.Build.0 = Debug|ARM64
		{4C1405B0-8A58-4E57-AB99-685A4A156FDB}.Debug|ARM64.Deploy.0 = Debug|ARM64
		{4C1405B0-8A58-4E57-AB99-685A4A156FDB}.Debug|x64.ActiveCfg = Debug|x64
		{4C1405B0-8A58-4E57-AB99-685A4A156FDB}.Debug|x64.Build.0 = Debug|x64
		{4C1405B0-8A58-4E57-AB99-685A4A156FDB}.Debug|x64.Deploy.0 = Debug|x64
		{4C1405B0-8A58-4E57-AB99-685A4A156FDB}.Debug|x86.ActiveCfg = Debug|x86
		{4C1405B0-8A58-4E57-AB99-685A4A156FDB}.Debug|x86.Build.0 = Debug|x86
		{4C1405B0-8A58-4E57-AB99-685A4A156FDB}.Debug|x86.Deploy.0 = Debug|x86
		{4C1405B0-8A58-4E57-AB99-685A4A156FDB}.Release|ARM.ActiveCfg = Release|ARM
		{4C1405B0-8A58-4E57-AB99-685A4A156FDB}.Release|ARM.Build.0 = Release|ARM
		{4C1405B0-8A58-4E57-AB99-685A4A156FDB}.Release|ARM.Deploy.0 = Release|ARM
		{4C1405B0-8A58-4E57-AB99-685A4A156FDB}.Release|ARM64.ActiveCfg = Release|ARM64
		{4C1405B0-8A58-4E57-AB99-685A4A156FDB}.Release|ARM64.Build.0 = Release|ARM64
		{4C1405B0-8A58-4E57-AB99-685A4A156FDB}.Release|ARM64.Deploy.0 = Release|ARM64
		{4C1405B0-8A58-4E57-AB99-685A4A156FDB}.Release|x64.ActiveCfg = Release|x64
		{4C1405B0-8A58-4E57-AB99-685A4A156FDB}.Release|x64.Build.0 = Release|x64
		{4C1405B0-8A58-4E57-AB99-685A4A156FDB}.Release|x64.Deploy.0 = Release|x64
		{4C1405B0-8A58-4E57-AB99-685A4A156FDB}.Release|x86.ActiveCfg = Release|x86
		{4C1405B0-8A58-4E57-AB99-685A4A156FDB}.Release|x86.Build.0 = Release|x86
		{4C1405B0-8A58-4E57-AB99-685A4A156FDB}.Release|x86.Deploy.0 = Release|x86
		{AB62A196-DE20-4ABB-A293-8E5BE8F9FE18}.Debug|ARM.ActiveCfg = Debug|ARM
		{AB62A196-DE20-4ABB-A293-8E5BE8F9FE18}.Debug|ARM.Build.0 = Debug|ARM
		{AB62A196-DE20-4ABB-A293-8E5BE8F9FE18}.Debug|ARM.Deploy.0 = Debug|ARM
		{AB62A196-DE20-4ABB-A293-8E5BE8F9FE18}.Debug|ARM64.ActiveCfg = Debug|ARM64
		{AB62A196-DE20-4ABB-A293-8E5BE8F9FE18}.Debug|ARM64.Build.0 = Debug|ARM64
		{AB62A196-DE20-4ABB-A293-8E5BE8F9FE18}.Debug|ARM64.Deploy.0 = Debug|ARM64
		{AB62A196-DE20-4ABB-A293-8E5BE8F9FE18}.Debug|x64.ActiveCfg = Debug|x64
		{AB62A196-DE20-4ABB-A293-8E5BE8F9FE18}.Debug|x64.Build.0 = Debug|x64
		{AB62A196-DE20-4ABB-A293-8E5BE8F9FE18}.Debug|x64.Deploy.0 = Debug|x64
		{AB62A196-DE20-4ABB-A293-8E5BE8F9FE18}.Debug|x86.ActiveCfg = Debug|x86
		{AB62A196-DE20-4ABB-A293-8E5BE8F9FE18}.Debug|x86.Build.0 = Debug|x86
		{AB62A196-DE20-4ABB-A293-8E5BE8F9FE18}.Debug|x86.Deploy.0 = Debug|x86
		{AB62A196-DE20-4ABB-A293-8E5BE8F9FE18}.Release|ARM.ActiveCfg = Release|ARM
		{AB62A196-DE20-4ABB-A293-8E5BE8F9FE18}.Release|ARM.Build.0 = Release|ARM
		{AB62A196-DE20-4ABB-A293-8E5BE8F9FE18}.Release|ARM.Deploy.0 = Release|ARM
		{AB62A196-DE20-4ABB-A293-8E5BE8F9FE18}.Release|ARM64.ActiveCfg = Release|ARM64
		{AB62A196-DE20-4ABB-A293-8E5BE8F9FE18}.Release|ARM64.Build.0 = Release|ARM64
		{AB62A196-DE20-4ABB-A293-8E5BE8F9FE18}.Release|ARM64.Deploy.0 = Release|ARM64
		{AB62A196-DE20-4ABB-A293-8E5BE8F9FE18}.Release|x64.ActiveCfg = Release|x64
		{AB62A196-DE20-4ABB-A293-8E5BE8F9FE18}.Release|x64.Build.0 = Release|x64
		{AB62A196-DE20-4ABB-A293-8E5BE8F9FE18}.Release|x64.Deploy.0 = Release|x64
		{AB62A196-DE20-4ABB-A293-8E5BE8F9FE18}.Release|x86.ActiveCfg = Release|x86
		{AB62A196-DE20-4ABB-A293-8E5BE8F9FE18}.Release|x86.Build.0 = Release|x86
		{AB62A196-DE20-4ABB-A293-8E5BE8F9FE18}.Release|x86.Deploy.0 = Release|x86
		{05660179-6318-49B4-B450-4919787BE247}.Debug|ARM.ActiveCfg = Debug|ARM
		{05660179-6318-49B4-B450-4919787BE247}.Debug|ARM.Build.0 = Debug|ARM
		{05660179-6318-49B4-B450-4919787BE247}.Debug|ARM.Deploy.0 = Debug|ARM
		{05660179-6318-49B4-B450-4919787BE247}.Debug|ARM64.ActiveCfg = Debug|ARM64
		{05660179-6318-49B4-B450-4919787BE247}.Debug|ARM64.Build.0 = Debug|ARM64
		{05660179-6318-49B4-B450-4919787BE247}.Debug|ARM64.Deploy.0 = Debug|ARM64
		{05660179-6318-49B4-B450-4919787BE247}.Debug|x64.ActiveCfg = Debug|x64
		{05660179-6318-49B4-B450-4919787BE247}.Debug|x64.Build.0 = Debug|x64
		{05660179-6318-49B4-B450-4919787BE247}.Debug|x64.Deploy.0 = Debug|x64
		{05660179-6318-49B4-B450-4919787BE247}.Debug|x86.ActiveCfg = Debug|x86
		{05660179-6318-49B4-B450-4919787BE247}.Debug|x86.Build.0 = Debug|x86
		{05660179-6318-49B4-B450-4919787BE247}.Debug|x86.Deploy.0 = Debug|x86
		{05660179-6318-49B4-B450-4919787BE247}.Release|ARM.ActiveCfg = Release|ARM
		{05660179-6318-49B4-B450-4919787BE247}.Release|ARM.Build.0 = Release|ARM
		{05660179-6318-49B4-B450-4919787BE247}.Release|ARM.Deploy.0 = Release|ARM
		{05660179-6318-49B4-B450-4919787BE247}.Release|ARM64.ActiveCfg = Release|ARM64
		{05660179-6318-49B4-B450-4919787BE247}.Release|ARM64.Build.0 = Release|ARM64
		{05660179-6318-49B4-B450-4919787BE247}.Release|ARM64.Deploy.0 = Release|ARM64
		{05660179-6318-49B4-B450-4919787BE247}.Release|x64.ActiveCfg = Release|x64
		{05660179-6318-49B4-B450-4919787BE247}.Release|x64.Build.0 = Release|x64
		{05660179-6318-49B4-B450-4919787BE247}.Release|x64.Deploy.0 = Release|x64
		{05660179-6318-49B4-B450-4919787BE247}.Release|x86.ActiveCfg = Release|x86
		{05660179-6318-49B4-B450-4919787BE247}.Release|x86.Build.0 = Release|x86
		{05660179-6318-49B4-B450-4919787BE247}.Release|x86.Deploy.0 = Release|x86
		{0D34CEF9-E404-41DB-8F49-5EA4A6726227}.Debug|ARM.ActiveCfg = Debug|ARM
		{0D34CEF9-E404-41DB-8F49-5EA4A6726227}.Debug|ARM.Build.0 = Debug|ARM
		{0D34CEF9-E404-41DB-8F49-5EA4A6726227}.Debug|ARM.Deploy.0 = Debug|ARM
		{0D34CEF9-E404-41DB-8F49-5EA4A6726227}.Debug|ARM64.ActiveCfg = Debug|ARM64
		{0D34CEF9-E404-41DB-8F49-5EA4A6726227}.Debug|ARM64.Build.0 = Debug|ARM64
		{0D34CEF9-E404-41DB-8F49-5EA4A6726227}.Debug|ARM64.Deploy.0 = Debug|ARM64
		{0D34CEF9-E404-41DB-8F49-5EA4A6726227}.Debug|x64.ActiveCfg = Debug|x64
		{0D34CEF9-E404-41DB-8F49-5EA4A6726227}.Debug|x64.Build.0 = Debug|x64
		{0D34CEF9-E404-41DB-8F49-5EA4A6726227}.Debug|x64.Deploy.0 = Debug|x64
		{0D34CEF9-E404-41DB-8F49-5EA4A6726227}.Debug|x86.ActiveCfg = Debug|x86
		{0D34CEF9-E404-41DB-8F49-5EA4A6726227}.Debug|x86.Build.0 = Debug|x86
		{0D34CEF9-E404-41DB-8F49-5EA4A6726227}.Debug|x86.Deploy.0 = Debug|x86
		{0D34CEF9-E404-41DB-8F49-5EA4A6726227}.Release|ARM.ActiveCfg = Release|ARM
		{0D34CEF9-E404-41DB-8F49-5EA4A6726227}.Release|ARM.Build.0 = Release|ARM
		{0D34CEF9-E404-41DB-8F49-5EA4A6726227}.Release|ARM.Deploy.0 = Release|ARM
		{0D34CEF9-E404-41DB-8F49-5EA4A6726227}.Release|ARM64.ActiveCfg = Release|ARM64
		{0D34CEF9-E404-41DB-8F49-5EA4A6726227}.Release|ARM64.Build.0 = Release|ARM64
		{0D34CEF9-E404-41DB-8F49-5EA4A6726227}.Release|ARM64.Deploy.0 = Release|ARM64
		{0D34CEF9-E404-41DB-8F49-5EA4A6726227}.Release|x64.ActiveCfg = Release|x64
		{0D34CEF9-E404-41DB-8F49-5EA4A6726227}.Release|x64.Build.0 = Release|x64
		{0D34CEF9-E404-41DB-8F49-5EA4A6726227}.Release|x64.Deploy.0 = Release|x64
		{0D34CEF9-E404-41DB-8F49-5EA4A6726227}.Release|x86.ActiveCfg = Release|x86
		{0D34CEF9-E404-41DB-8F49-5EA4A6726227}.Release|x86.Build.0 = Release|x86
		{0D34CEF9-E404-41DB-8F49-5EA4A6726227}.Release|x86.Deploy.0 = Release|x86
		{6DB034C8-8B30-41B1-8385-776844C6B374}.Debug|ARM.ActiveCfg = Debug|ARM
		{6DB034C8-8B30-41B1-8385-776844C6B374}.Debug|ARM.Build.0 = Debug|ARM
		{6DB034C8-8B30-41B1-8385-776844C6B374}.Debug|ARM.Deploy.0 = Debug|ARM
		{6DB034C8-8B30-41B1-8385-776844C6B374}.Debug|ARM64.ActiveCfg = Debug|ARM64
		{6DB034C8-8B30-41B1-8385-776844C6B374}.Debug|ARM64.Build.0 = Debug|ARM64
		{6DB034C8-8B30-41B1-8385-776844C6B374}.Debug|ARM64.Deploy.0 = Debug|ARM64
		{6DB034C8-8B30-41B1-8385-776844C6B374}.Debug|x64.ActiveCfg = Debug|x64
		{6DB034C8-8B30-41B1-8385-776844C6B374}.Debug|x64.Build.0 = Debug|x64
		{6DB034C8-8B30-41B1-8385-776844C6B374}.Debug|x64.Deploy.0 = Debug|x64
		{6DB034C8-8B30-41B1-8385-776844C6B374}.Debug|x86.ActiveCfg = Debug|x86
		{6DB034C8-8B30-41B1-8385-776844C6B374}.Debug|x86.Build.0 = Debug|x86
		{6DB034C8-8B30-41B1-8385-776844C6B374}.Debug|x86.Deploy.0 = Debug|x86
		{6DB034C8-8B30-41B1-8385-776844C6B374}.Release|ARM.ActiveCfg = Release|ARM
		{6DB034C8-8B30-41B1-8385-776844C6B374}.Release|ARM.Build.0 = Release|ARM
		{6DB034C8-8B30-41B1-8385-776844C6B374}.Release|ARM.Deploy.0 = Release|ARM
		{6DB034C8-8B30-41B1-8385-776844C6B374}.Release|ARM64.ActiveCfg = Release|ARM64
		{6DB034C8-8B30-41B1-8385-776844C6B374}.Release|ARM64.Build.0 = Release|ARM64
		{6DB034C8-8B30-41B1-8385-776844C6B374}.Release|ARM64.Deploy.0 = Release|ARM64
		{6DB034C8-8B30-41B1-8385-776844C6B374}.Release|x64.ActiveCfg = Release|x64
		{6DB034C8-8B30-41B1-8385-776844C6B374}.Release|x64.Build.0 = Release|x64
		{6DB034C8-8B30-41B1-8385-776844C6B374}.Release|x64.Deploy.0 = Release|x64
		{6DB034C8-8B30-41B1-8385-776844C6B374}.Release|x86.ActiveCfg = Release|x86
		{6DB034C8-8B30-41B1-8385-776844C6B374}.Release|x86.Build.0 = Release|x86
		{6DB034C8-8B30-41B1-8385-776844C6B374}.Release|x86.Deploy.0 = Release|x86
		{E0BD3F43-3C61-4958-A192-D10B030EA266}.Debug|ARM.ActiveCfg = Debug|ARM
		{E0BD3F43-3C61-4958-A192-D10B030EA266}.Debug|ARM.Build.0 = Debug|ARM
		{E0BD3F43-3C61-4958-A192-D10B030EA266}.Debug|ARM.Deploy.0 = Debug|ARM
		{E0BD3F43-3C61-4958-A192-D10B030EA266}.Debug|ARM64.ActiveCfg = Debug|ARM64
		{E0BD3F43-3C61-4958-A192-D10B030EA266}.Debug|ARM64.Build.0 = Debug|ARM64
		{E0BD3F43-3C61-4958-A192-D10B030EA266}.Debug|ARM64.Deploy.0 = Debug|ARM64
		{E0BD3F43-3C61-4958-A192-D10B030EA266}.Debug|x64.ActiveCfg = Debug|x64
		{E0BD3F43-3C61-4958-A192-D10B030EA266}.Debug|x64.Build.0 = Debug|x64
		{E0BD3F43-3C61-4958-A192-D10B030EA266}.Debug|x64.Deploy.0 = Debug|x64
		{E0BD3F43-3C61-4958-A192-D10B030EA266}.Debug|x86.ActiveCfg = Debug|x86
		{E0BD3F43-3C61-4958-A192-D10B030EA266}.Debug|x86.Build.0 = Debug|x86
		{E0BD3F43-3C61-4958-A192-D10B030EA266}.Debug|x86.Deploy.0 = Debug|x86
		{E0BD3F43-3C61-4958-A192-D10B030EA266}.Release|ARM.ActiveCfg = Release|ARM
		{E0BD3F43-3C61-4958-A192-D10B030EA266}.Release|ARM.Build.0 = Release|ARM
		{E0BD3F43-3C61-4958-A192-D10B030EA266}.Release|ARM.Deploy.0 = Release|ARM
		{E0BD3F43-3C61-4958-A192-D10B030EA266}.Release|ARM64.ActiveCfg = Release|ARM64
		{E0BD3F43-3C61-4958-A192-D10B030EA266}.Release|ARM64.Build.0 = Release|ARM64
		{E0BD3F43-3C61-4958-A192-D10B030EA266}.Release|ARM64.Deploy.0 = Release|ARM64
		{E0BD3F43-3C61-4958-A192-D10B030EA266}.Release|x64.ActiveCfg = Release|x64
		{E0BD3F43-3C61-4958-A192-D10B030EA266}.Release|x64.Build.0 = Release|x64
		{E0BD3F43-3C61-4958-A192-D10B030EA266}.Release|x64.Deploy.0 = Release|x64
		{E0BD3F43-3C61-4958-A192-D10B030EA266}.Release|x86.ActiveCfg = Release|x86
		{E0BD3F43-3C61-4958-A192-D10B030EA266}.Release|x86.Build.0 = Release|x86
		{E0BD3F43-3C61-4958-A192-D10B030EA266}.Release|x86.Deploy.0 = Release|x86
	EndGlobalSection
	GlobalSection(SolutionProperties) = preSolution
		HideSolutionNode = FALSE
	EndGlobalSection
	GlobalSection(ExtensibilityGlobals) = postSolution
		SolutionGuid = {BEE41E70-7DE6-4B1E-AC7E-94DBEDC45411}
	EndGlobalSection
EndGlobal
